{
  "nodes": {
    "aurora-src": {
      "flake": false,
      "locked": {
        "lastModified": 1786866164,
        "narHash": "sha256-jvnfdnRF5HtZ792lwUs0WYASwG/dHIkp9JaisLdntUc=",
        "owner": "r-burns",
        "repo": "aurora",
        "rev": "e6a6f02ace4146e8a2f648d5c274dbb7dd89665c",
        "type": "github"
      },
      "original": {
        "owner": "r-burns",
        "repo": "aurora",
        "rev": "e6a6f02ace4146e8a2f648d5c274dbb7dd89665c",
        "type": "github"
      }
    },
    "nixpkgs": {
      "locked": {
        "lastModified": 1786599213,
        "narHash": "sha256-yNJd40f11EzXBjSByCB7IPpeFFAdeoSKKM67dGkfFoU=",
        "owner": "nixos",
        "repo": "nixpkgs",
        "rev": "0e251e24a4f24e036a084b6b4b2d2491af4167f4",
        "type": "github"
      },
      "original": {
        "owner": "nixos",
        "ref": "nixos-unstable",
        "repo": "nixpkgs",
        "type": "github"
      }
    },
    "root": {
      "inputs": {
        "aurora-src": "aurora-src",
        "nixpkgs": "nixpkgs",
        "treefmt-nix": "treefmt-nix"
      }
    },
    "treefmt-nix": {
      "inputs": {
        "nixpkgs": [
          "nixpkgs"
        ]
      },
      "locked": {
        "lastModified": 1785945821,
        "narHash": "sha256-NLSyTCW4K4ofhNBllt3omPasm6QpralXH1DBZOc91Dw=",
        "owner": "numtide",
        "repo": "treefmt-nix",
        "rev": "ae7910970dddc408fe6ab1c8e4b277bb21d72dc0",
        "type": "github"
      },
      "original": {
        "owner": "numtide",
        "repo": "treefmt-nix",
        "type": "github"
      }
    }
  },
  "root": "root",
  "version": 7
}
